# Prisma Migrate lockfile v1

20200722195740
20200722200402
20200722201351
20200722202654
20200723162451
20200725130135
20200725165702
20200725172147
20200806171726
20200806171933
20200813173912
20200908092749
20200908101052
20200908102031
20200908103156
20200913143213
20200913173447
20200913173902
20200915103411
20200915103814
20200917175723
20200921145654
20200922094022
20201010161428
20201010163409
20201012151841
20201012153152
20201012163633
20201012172614
20201012172933
20201012183852
20201012184301